
Microsoft Visual Studio Solution File, Format Version 12.00
# Visual Studio 15
VisualStudioVersion = 15.0.28307.852
MinimumVisualStudioVersion = 10.0.40219.1
Project("{FAE04EC0-301F-11D3-BF4B-00C04F79EFBC}") = "PurchaseList", "PurchaseList\PurchaseList.csproj", "{3238C51C-CAD6-4148-BB82-1EABC7AD28B8}"
EndProject
Global
	GlobalSection(SolutionConfigurationPlatforms) = preSolution
		Debug|Any CPU = Debug|Any CPU
		Release|Any CPU = Release|Any CPU
	EndGlobalSection
	GlobalSection(ProjectConfigurationPlatforms) = postSolution
		{3238C51C-CAD6-4148-BB82-1EABC7AD28B8}.Debug|Any CPU.ActiveCfg = Debug|Any CPU
		{3238C51C-CAD6-4148-BB82-1EABC7AD28B8}.Debug|Any CPU.Build.0 = Debug|Any CPU
		{3238C51C-CAD6-4148-BB82-1EABC7AD28B8}.Release|Any CPU.ActiveCfg = Release|Any CPU
		{3238C51C-CAD6-4148-BB82-1EABC7AD28B8}.Release|Any CPU.Build.0 = Release|Any CPU
	EndGlobalSection
	GlobalSection(SolutionProperties) = preSolution
		HideSolutionNode = FALSE
	EndGlobalSection
	GlobalSection(ExtensibilityGlobals) = postSolution
		SolutionGuid = {F8AE44F8-4C59-4A11-B9FF-FAAE605A5D39}
	EndGlobalSection
EndGlobal
